
Microsoft Visual Studio Solution File, Format Version 12.00
# Visual Studio Version 16
VisualStudioVersion = 16.0.31129.286
MinimumVisualStudioVersion = 10.0.40219.1
Project("{FAE04EC0-301F-11D3-BF4B-00C04F79EFBC}") = "InventorySystem", "InventorySystem.csproj", "{488731C6-1DF5-4969-8E34-DACE7DDDA26D}"
EndProject
Project("{FAE04EC0-301F-11D3-BF4B-00C04F79EFBC}") = "TestProject1", "..\TestProject1\TestProject1.csproj", "{453F3234-0E49-4617-91AC-0BE42E43ABBB}"
EndProject
Global
	GlobalSection(SolutionConfigurationPlatforms) = preSolution
		Debug|Any CPU = Debug|Any CPU
		Release|Any CPU = Release|Any CPU
	EndGlobalSection
	GlobalSection(ProjectConfigurationPlatforms) = postSolution
		{488731C6-1DF5-4969-8E34-DACE7DDDA26D}.Debug|Any CPU.ActiveCfg = Debug|Any CPU
		{488731C6-1DF5-4969-8E34-DACE7DDDA26D}.Debug|Any CPU.Build.0 = Debug|Any CPU
		{488731C6-1DF5-4969-8E34-DACE7DDDA26D}.Release|Any CPU.ActiveCfg = Release|Any CPU
		{488731C6-1DF5-4969-8E34-DACE7DDDA26D}.Release|Any CPU.Build.0 = Release|Any CPU
		{453F3234-0E49-4617-91AC-0BE42E43ABBB}.Debug|Any CPU.ActiveCfg = Debug|Any CPU
		{453F3234-0E49-4617-91AC-0BE42E43ABBB}.Debug|Any CPU.Build.0 = Debug|Any CPU
		{453F3234-0E49-4617-91AC-0BE42E43ABBB}.Release|Any CPU.ActiveCfg = Release|Any CPU
		{453F3234-0E49-4617-91AC-0BE42E43ABBB}.Release|Any CPU.Build.0 = Release|Any CPU
	EndGlobalSection
	GlobalSection(SolutionProperties) = preSolution
		HideSolutionNode = FALSE
	EndGlobalSection
	GlobalSection(ExtensibilityGlobals) = postSolution
		SolutionGuid = {66141DBA-C32A-417E-895B-1DF99AEA16A8}
	EndGlobalSection
EndGlobal
